
Microsoft Visual Studio Solution File, Format Version 12.00
Project("{FAE04EC0-301F-11D3-BF4B-00C04F79EFBC}") = "Activity 52_DecisionBasedOnBooleans", "Activity 52_DecisionBasedOnBooleans.csproj", "{A1C64114-41C3-4C6D-B7B6-C96B7A6E46F0}"
EndProject
Global
	GlobalSection(SolutionConfigurationPlatforms) = preSolution
		Debug|Any CPU = Debug|Any CPU
		Release|Any CPU = Release|Any CPU
	EndGlobalSection
	GlobalSection(ProjectConfigurationPlatforms) = postSolution
		{A1C64114-41C3-4C6D-B7B6-C96B7A6E46F0}.Debug|Any CPU.ActiveCfg = Debug|Any CPU
		{A1C64114-41C3-4C6D-B7B6-C96B7A6E46F0}.Debug|Any CPU.Build.0 = Debug|Any CPU
		{A1C64114-41C3-4C6D-B7B6-C96B7A6E46F0}.Release|Any CPU.ActiveCfg = Release|Any CPU
		{A1C64114-41C3-4C6D-B7B6-C96B7A6E46F0}.Release|Any CPU.Build.0 = Release|Any CPU
	EndGlobalSection
EndGlobal
