
Microsoft Visual Studio Solution File, Format Version 12.00
Project("{FAE04EC0-301F-11D3-BF4B-00C04F79EFBC}") = "Activity 50_DigitSumForeach", "Activity 50_DigitSumForeach.csproj", "{BCBEC84D-0391-40E2-AA48-29B947495823}"
EndProject
Global
	GlobalSection(SolutionConfigurationPlatforms) = preSolution
		Debug|Any CPU = Debug|Any CPU
		Release|Any CPU = Release|Any CPU
	EndGlobalSection
	GlobalSection(ProjectConfigurationPlatforms) = postSolution
		{BCBEC84D-0391-40E2-AA48-29B947495823}.Debug|Any CPU.ActiveCfg = Debug|Any CPU
		{BCBEC84D-0391-40E2-AA48-29B947495823}.Debug|Any CPU.Build.0 = Debug|Any CPU
		{BCBEC84D-0391-40E2-AA48-29B947495823}.Release|Any CPU.ActiveCfg = Release|Any CPU
		{BCBEC84D-0391-40E2-AA48-29B947495823}.Release|Any CPU.Build.0 = Release|Any CPU
	EndGlobalSection
EndGlobal
