
Microsoft Visual Studio Solution File, Format Version 12.00
Project("{FAE04EC0-301F-11D3-BF4B-00C04F79EFBC}") = "Activity 51_DigitSumModulo", "Activity 51_DigitSumModulo.csproj", "{2562FEE1-C425-4D48-97F6-20D957A7E6CB}"
EndProject
Global
	GlobalSection(SolutionConfigurationPlatforms) = preSolution
		Debug|Any CPU = Debug|Any CPU
		Release|Any CPU = Release|Any CPU
	EndGlobalSection
	GlobalSection(ProjectConfigurationPlatforms) = postSolution
		{2562FEE1-C425-4D48-97F6-20D957A7E6CB}.Debug|Any CPU.ActiveCfg = Debug|Any CPU
		{2562FEE1-C425-4D48-97F6-20D957A7E6CB}.Debug|Any CPU.Build.0 = Debug|Any CPU
		{2562FEE1-C425-4D48-97F6-20D957A7E6CB}.Release|Any CPU.ActiveCfg = Release|Any CPU
		{2562FEE1-C425-4D48-97F6-20D957A7E6CB}.Release|Any CPU.Build.0 = Release|Any CPU
	EndGlobalSection
EndGlobal
